{
  "name": "piship-package-pi-review",
  "version": "0.0.0",
  "lockfileVersion": 3,
  "requires": true,
  "packages": {
    "": {
      "name": "piship-package-pi-review",
      "version": "0.0.0",
      "dependencies": {
        "pi-review": "1.2.1"
      }
    },
    "node_modules/pi-review": {
      "version": "1.2.1",
      "resolved": "https://registry.npmjs.org/pi-review/-/pi-review-1.2.1.tgz",
      "integrity": "sha512-mkYBCpiDrbBwuay6AFw7W4Z125Vhf0TV7cm/Q6xj+WcY7tCM6lsvHKImUDqrH+g6roHYm1rN7mS8WTeYTrW7dg==",
      "license": "MIT",
      "peerDependencies": {
        "@earendil-works/pi-coding-agent": "^0.80.7"
      }
    }
  }
}
